
Microsoft Visual Studio Solution File, Format Version 12.00
# Visual Studio Version 17
VisualStudioVersion = 17.11.35219.272
MinimumVisualStudioVersion = 10.0.40219.1
Project("{FAE04EC0-301F-11D3-BF4B-00C04F79EFBC}") = "Zapper.Questions", "Zapper.Question2\Zapper.Questions.csproj", "{80FE5915-7795-4DF8-81AF-F7F02083C8AA}"
EndProject
Project("{2150E333-8FDC-42A3-9474-1A3956D46DE8}") = "Solution Items", "Solution Items", "{0AB21E7A-443D-4A58-9A24-5ADC9B8FA3C1}"
	ProjectSection(SolutionItems) = preProject
		..\..\..\OneDrive\Documents\Question1.sql = ..\..\..\OneDrive\Documents\Question1.sql
	EndProjectSection
EndProject
Global
	GlobalSection(SolutionConfigurationPlatforms) = preSolution
		Debug|Any CPU = Debug|Any CPU
		Release|Any CPU = Release|Any CPU
	EndGlobalSection
	GlobalSection(ProjectConfigurationPlatforms) = postSolution
		{80FE5915-7795-4DF8-81AF-F7F02083C8AA}.Debug|Any CPU.ActiveCfg = Debug|Any CPU
		{80FE5915-7795-4DF8-81AF-F7F02083C8AA}.Debug|Any CPU.Build.0 = Debug|Any CPU
		{80FE5915-7795-4DF8-81AF-F7F02083C8AA}.Release|Any CPU.ActiveCfg = Release|Any CPU
		{80FE5915-7795-4DF8-81AF-F7F02083C8AA}.Release|Any CPU.Build.0 = Release|Any CPU
	EndGlobalSection
	GlobalSection(SolutionProperties) = preSolution
		HideSolutionNode = FALSE
	EndGlobalSection
	GlobalSection(ExtensibilityGlobals) = postSolution
		SolutionGuid = {8053CC41-CD76-4BFB-AFA2-A68738F1E337}
	EndGlobalSection
EndGlobal
